
Microsoft Visual Studio Solution File, Format Version 12.00
# Visual Studio Version 16
VisualStudioVersion = 16.0.34114.132
MinimumVisualStudioVersion = 10.0.40219.1
Project("{2150E333-8FDC-42A3-9474-1A3956D46DE8}") = "Task0", "Task0", "{EDFC665D-1396-41C1-A2AE-2AC7C8AAC3DE}"
EndProject
Project("{FAE04EC0-301F-11D3-BF4B-00C04F79EFBC}") = "Tyuiu.HubulovaVI.Sprint5.Task0.V12", "Tyuiu.HubulovaVI.Sprint5.Task0.V12\Tyuiu.HubulovaVI.Sprint5.Task0.V12.csproj", "{5BDAE18B-370C-4C3C-A4A4-1454E3B93E8F}"
EndProject
Project("{FAE04EC0-301F-11D3-BF4B-00C04F79EFBC}") = "Tyuiu.HubulovaVI.Sprint5.Task0.V12.Lib", "Tyuiu.HubulovaVI.Sprint5.Task0.V12.Lib\Tyuiu.HubulovaVI.Sprint5.Task0.V12.Lib.csproj", "{F11377FC-A114-4A87-9457-32C7085BE45E}"
EndProject
Project("{FAE04EC0-301F-11D3-BF4B-00C04F79EFBC}") = "Tyuiu.HubulovaVI.Sprint5.Task0.V12.Test", "Tyuiu.HubulovaVI.Sprint5.Task0.V12.Test\Tyuiu.HubulovaVI.Sprint5.Task0.V12.Test.csproj", "{B04289C3-16F7-47BE-B648-063E9FBE2735}"
EndProject
Project("{2150E333-8FDC-42A3-9474-1A3956D46DE8}") = "Task1", "Task1", "{E74840AD-DCEA-471C-BD7F-A9B35E62F311}"
EndProject
Project("{FAE04EC0-301F-11D3-BF4B-00C04F79EFBC}") = "Tyuiu.HubulovaVI.Sprint5.Task1.V2", "Tyuiu.HubulovaVI.Sprint5.Task1.V2\Tyuiu.HubulovaVI.Sprint5.Task1.V2.csproj", "{222B730E-5E54-49C8-B1AD-96485E16590C}"
EndProject
Project("{FAE04EC0-301F-11D3-BF4B-00C04F79EFBC}") = "Tyuiu.HubulovaVI.Sprint5.Task1.V2.Lib", "Tyuiu.HubulovaVI.Sprint5.Task1.V2.Lib\Tyuiu.HubulovaVI.Sprint5.Task1.V2.Lib.csproj", "{44B6517E-5AB8-4A8F-93FE-92DF7FEF086E}"
EndProject
Project("{FAE04EC0-301F-11D3-BF4B-00C04F79EFBC}") = "Tyuiu.HubulovaVI.Sprint5.Task1.V2.Test", "Tyuiu.HubulovaVI.Sprint5.Task1.V2.Test\Tyuiu.HubulovaVI.Sprint5.Task1.V2.Test.csproj", "{D4C9B61C-21D3-4B04-BDA7-518111B12B30}"
EndProject
Project("{2150E333-8FDC-42A3-9474-1A3956D46DE8}") = "Task2", "Task2", "{3A85C2C3-5468-46A2-8F65-67625017FFB1}"
EndProject
Project("{FAE04EC0-301F-11D3-BF4B-00C04F79EFBC}") = "Tyuiu.HubulovaVI.Sprint5.Task2.V26", "Tyuiu.HubulovaVI.Sprint5.Task2.V26\Tyuiu.HubulovaVI.Sprint5.Task2.V26.csproj", "{C2BCFFD6-9703-4224-92C8-AC857D691675}"
EndProject
Project("{FAE04EC0-301F-11D3-BF4B-00C04F79EFBC}") = "Tyuiu.HubulovaVI.Sprint5.Task2.V26.Lib", "Tyuiu.HubulovaVI.Sprint5.Task2.V26.Lib\Tyuiu.HubulovaVI.Sprint5.Task2.V26.Lib.csproj", "{41D40295-B84A-4124-87B2-66EE7D881FC8}"
EndProject
Project("{FAE04EC0-301F-11D3-BF4B-00C04F79EFBC}") = "Tyuiu.HubulovaVI.Sprint5.Task2.V26.Test", "Tyuiu.HubulovaVI.Sprint5.Task2.V26.Test\Tyuiu.HubulovaVI.Sprint5.Task2.V26.Test.csproj", "{47603E93-BCB9-4E2D-98D6-C86936C5B5C9}"
EndProject
Project("{2150E333-8FDC-42A3-9474-1A3956D46DE8}") = "Task3", "Task3", "{D4022873-9E3A-4FB8-A705-69588E3EEFD7}"
EndProject
Project("{FAE04EC0-301F-11D3-BF4B-00C04F79EFBC}") = "Tyuiu.HubulovaVI.Sprint5.Task3.V28", "Tyuiu.HubulovaVI.Sprint5.Task3.V28\Tyuiu.HubulovaVI.Sprint5.Task3.V28.csproj", "{4266DE76-878A-4646-AB5E-B0EE60687CB7}"
EndProject
Project("{FAE04EC0-301F-11D3-BF4B-00C04F79EFBC}") = "Tyuiu.HubulovaVI.Sprint5.Task3.V28.Lib", "Tyuiu.HubulovaVI.Sprint5.Task3.V28.Lib\Tyuiu.HubulovaVI.Sprint5.Task3.V28.Lib.csproj", "{E7A8D92E-96A3-4D96-B317-2EA0D5783921}"
EndProject
Project("{FAE04EC0-301F-11D3-BF4B-00C04F79EFBC}") = "Tyuiu.HubulovaVI.Sprint5.Task3.V28.Test", "Tyuiu.HubulovaVI.Sprint5.Task3.V28.Test\Tyuiu.HubulovaVI.Sprint5.Task3.V28.Test.csproj", "{68479712-4353-4EC7-8B4E-BBDDD442AE3D}"
EndProject
Project("{2150E333-8FDC-42A3-9474-1A3956D46DE8}") = "Task4", "Task4", "{BB12FBDB-0982-494E-B4DA-71717D373223}"
EndProject
Project("{FAE04EC0-301F-11D3-BF4B-00C04F79EFBC}") = "Tyuiu.HubulovaVI.Sprint5.Task4.V21", "Tyuiu.HubulovaVI.Sprint5.Task4.V21\Tyuiu.HubulovaVI.Sprint5.Task4.V21.csproj", "{115DA0BD-8418-4E7E-84F7-FD8B9C7DE82B}"
EndProject
Project("{FAE04EC0-301F-11D3-BF4B-00C04F79EFBC}") = "Tyuiu.HubulovaVI.Sprint5.Task4.V21.Lib", "Tyuiu.HubulovaVI.Sprint5.Task4.V21.Lib\Tyuiu.HubulovaVI.Sprint5.Task4.V21.Lib.csproj", "{FD8E4162-8C4B-423E-A8F7-BB665421A00C}"
EndProject
Project("{FAE04EC0-301F-11D3-BF4B-00C04F79EFBC}") = "Tyuiu.HubulovaVI.Sprint5.Task4.V21.Test", "Tyuiu.HubulovaVI.Sprint5.Task4.V21.Test\Tyuiu.HubulovaVI.Sprint5.Task4.V21.Test.csproj", "{B2E025EC-FC21-47ED-80B8-E453AF6A27A9}"
EndProject
Project("{2150E333-8FDC-42A3-9474-1A3956D46DE8}") = "Task5", "Task5", "{B71E31B9-DC3E-4E9A-A52B-E76BC72493BE}"
EndProject
Project("{FAE04EC0-301F-11D3-BF4B-00C04F79EFBC}") = "Tyuiu.HubulovaVI.Sprint5.Task5.V22", "Tyuiu.HubulovaVI.Sprint5.Task5.V22\Tyuiu.HubulovaVI.Sprint5.Task5.V22.csproj", "{C5F7D986-9B01-4290-8CB8-CAE09F8C6EAA}"
EndProject
Project("{FAE04EC0-301F-11D3-BF4B-00C04F79EFBC}") = "Tyuiu.HubulovaVI.Sprint5.Task5.V22.Lib", "Tyuiu.HubulovaVI.Sprint5.Task5.V22.Lib\Tyuiu.HubulovaVI.Sprint5.Task5.V22.Lib.csproj", "{A9DE55DF-7463-449A-964F-3FB39076F4E8}"
EndProject
Project("{FAE04EC0-301F-11D3-BF4B-00C04F79EFBC}") = "Tyuiu.HubulovaVI.Sprint5.Task5.V22.Test", "Tyuiu.HubulovaVI.Sprint5.Task5.V22.Test\Tyuiu.HubulovaVI.Sprint5.Task5.V22.Test.csproj", "{D979C9E1-C69F-4C89-9B25-B3EAD4952C37}"
EndProject
Project("{2150E333-8FDC-42A3-9474-1A3956D46DE8}") = "Task6", "Task6", "{F2C66054-6DA5-484F-B9A0-5FFEDCB22BF2}"
EndProject
Project("{FAE04EC0-301F-11D3-BF4B-00C04F79EFBC}") = "Tyuiu.HubulovaVI.Sprint5.Task6.V16", "Tyuiu.HubulovaVI.Sprint5.Task6.V16\Tyuiu.HubulovaVI.Sprint5.Task6.V16.csproj", "{E1FB30F5-A260-43A5-9942-89C8F7650DE0}"
EndProject
Project("{FAE04EC0-301F-11D3-BF4B-00C04F79EFBC}") = "Tyuiu.HubulovaVI.Sprint5.Task6.V16.Lib", "Tyuiu.HubulovaVI.Sprint5.Task6.V16.Lib\Tyuiu.HubulovaVI.Sprint5.Task6.V16.Lib.csproj", "{914620A5-8FCE-4CA0-865F-C40075FCF750}"
EndProject
Project("{FAE04EC0-301F-11D3-BF4B-00C04F79EFBC}") = "Tyuiu.HubulovaVI.Sprint5.Task6.V16.Test", "Tyuiu.HubulovaVI.Sprint5.Task6.V16.Test\Tyuiu.HubulovaVI.Sprint5.Task6.V16.Test.csproj", "{E7449F38-94D3-4EA8-83B8-800A0EC22D03}"
EndProject
Project("{2150E333-8FDC-42A3-9474-1A3956D46DE8}") = "Task7", "Task7", "{D1FBE86A-FB7B-486C-ABAB-9E407964733F}"
EndProject
Project("{FAE04EC0-301F-11D3-BF4B-00C04F79EFBC}") = "Tyuiu.HubulovaVI.Sprint5.Task7.V12", "Tyuiu.HubulovaVI.Sprint5.Task7.V12\Tyuiu.HubulovaVI.Sprint5.Task7.V12.csproj", "{9324D509-074D-4BBA-9197-4A12F4F160F0}"
EndProject
Project("{FAE04EC0-301F-11D3-BF4B-00C04F79EFBC}") = "Tyuiu.HubulovaVI.Sprint5.Task7.V12.Lib", "Tyuiu.HubulovaVI.Sprint5.Task7.V12.Lib\Tyuiu.HubulovaVI.Sprint5.Task7.V12.Lib.csproj", "{B0BFCA86-C8F5-4A5E-98AA-D9F2C48524FD}"
EndProject
Project("{FAE04EC0-301F-11D3-BF4B-00C04F79EFBC}") = "Tyuiu.HubulovaVI.Sprint5.Task7.V12.Test", "Tyuiu.HubulovaVI.Sprint5.Task7.V12.Test\Tyuiu.HubulovaVI.Sprint5.Task7.V12.Test.csproj", "{F80EBA7F-EE01-47C0-AC9E-15AB0CDCA9AE}"
EndProject
Global
	GlobalSection(SolutionConfigurationPlatforms) = preSolution
		Debug|Any CPU = Debug|Any CPU
		Release|Any CPU = Release|Any CPU
	EndGlobalSection
	GlobalSection(ProjectConfigurationPlatforms) = postSolution
		{5BDAE18B-370C-4C3C-A4A4-1454E3B93E8F}.Debug|Any CPU.ActiveCfg = Debug|Any CPU
		{5BDAE18B-370C-4C3C-A4A4-1454E3B93E8F}.Debug|Any CPU.Build.0 = Debug|Any CPU
		{5BDAE18B-370C-4C3C-A4A4-1454E3B93E8F}.Release|Any CPU.ActiveCfg = Release|Any CPU
		{5BDAE18B-370C-4C3C-A4A4-1454E3B93E8F}.Release|Any CPU.Build.0 = Release|Any CPU
		{F11377FC-A114-4A87-9457-32C7085BE45E}.Debug|Any CPU.ActiveCfg = Debug|Any CPU
		{F11377FC-A114-4A87-9457-32C7085BE45E}.Debug|Any CPU.Build.0 = Debug|Any CPU
		{F11377FC-A114-4A87-9457-32C7085BE45E}.Release|Any CPU.ActiveCfg = Release|Any CPU
		{F11377FC-A114-4A87-9457-32C7085BE45E}.Release|Any CPU.Build.0 = Release|Any CPU
		{B04289C3-16F7-47BE-B648-063E9FBE2735}.Debug|Any CPU.ActiveCfg = Debug|Any CPU
		{B04289C3-16F7-47BE-B648-063E9FBE2735}.Debug|Any CPU.Build.0 = Debug|Any CPU
		{B04289C3-16F7-47BE-B648-063E9FBE2735}.Release|Any CPU.ActiveCfg = Release|Any CPU
		{B04289C3-16F7-47BE-B648-063E9FBE2735}.Release|Any CPU.Build.0 = Release|Any CPU
		{222B730E-5E54-49C8-B1AD-96485E16590C}.Debug|Any CPU.ActiveCfg = Debug|Any CPU
		{222B730E-5E54-49C8-B1AD-96485E16590C}.Debug|Any CPU.Build.0 = Debug|Any CPU
		{222B730E-5E54-49C8-B1AD-96485E16590C}.Release|Any CPU.ActiveCfg = Release|Any CPU
		{222B730E-5E54-49C8-B1AD-96485E16590C}.Release|Any CPU.Build.0 = Release|Any CPU
		{44B6517E-5AB8-4A8F-93FE-92DF7FEF086E}.Debug|Any CPU.ActiveCfg = Debug|Any CPU
		{44B6517E-5AB8-4A8F-93FE-92DF7FEF086E}.Debug|Any CPU.Build.0 = Debug|Any CPU
		{44B6517E-5AB8-4A8F-93FE-92DF7FEF086E}.Release|Any CPU.ActiveCfg = Release|Any CPU
		{44B6517E-5AB8-4A8F-93FE-92DF7FEF086E}.Release|Any CPU.Build.0 = Release|Any CPU
		{D4C9B61C-21D3-4B04-BDA7-518111B12B30}.Debug|Any CPU.ActiveCfg = Debug|Any CPU
		{D4C9B61C-21D3-4B04-BDA7-518111B12B30}.Debug|Any CPU.Build.0 = Debug|Any CPU
		{D4C9B61C-21D3-4B04-BDA7-518111B12B30}.Release|Any CPU.ActiveCfg = Release|Any CPU
		{D4C9B61C-21D3-4B04-BDA7-518111B12B30}.Release|Any CPU.Build.0 = Release|Any CPU
		{C2BCFFD6-9703-4224-92C8-AC857D691675}.Debug|Any CPU.ActiveCfg = Debug|Any CPU
		{C2BCFFD6-9703-4224-92C8-AC857D691675}.Debug|Any CPU.Build.0 = Debug|Any CPU
		{C2BCFFD6-9703-4224-92C8-AC857D691675}.Release|Any CPU.ActiveCfg = Release|Any CPU
		{C2BCFFD6-9703-4224-92C8-AC857D691675}.Release|Any CPU.Build.0 = Release|Any CPU
		{41D40295-B84A-4124-87B2-66EE7D881FC8}.Debug|Any CPU.ActiveCfg = Debug|Any CPU
		{41D40295-B84A-4124-87B2-66EE7D881FC8}.Debug|Any CPU.Build.0 = Debug|Any CPU
		{41D40295-B84A-4124-87B2-66EE7D881FC8}.Release|Any CPU.ActiveCfg = Release|Any CPU
		{41D40295-B84A-4124-87B2-66EE7D881FC8}.Release|Any CPU.Build.0 = Release|Any CPU
		{47603E93-BCB9-4E2D-98D6-C86936C5B5C9}.Debug|Any CPU.ActiveCfg = Debug|Any CPU
		{47603E93-BCB9-4E2D-98D6-C86936C5B5C9}.Debug|Any CPU.Build.0 = Debug|Any CPU
		{47603E93-BCB9-4E2D-98D6-C86936C5B5C9}.Release|Any CPU.ActiveCfg = Release|Any CPU
		{47603E93-BCB9-4E2D-98D6-C86936C5B5C9}.Release|Any CPU.Build.0 = Release|Any CPU
		{4266DE76-878A-4646-AB5E-B0EE60687CB7}.Debug|Any CPU.ActiveCfg = Debug|Any CPU
		{4266DE76-878A-4646-AB5E-B0EE60687CB7}.Debug|Any CPU.Build.0 = Debug|Any CPU
		{4266DE76-878A-4646-AB5E-B0EE60687CB7}.Release|Any CPU.ActiveCfg = Release|Any CPU
		{4266DE76-878A-4646-AB5E-B0EE60687CB7}.Release|Any CPU.Build.0 = Release|Any CPU
		{E7A8D92E-96A3-4D96-B317-2EA0D5783921}.Debug|Any CPU.ActiveCfg = Debug|Any CPU
		{E7A8D92E-96A3-4D96-B317-2EA0D5783921}.Debug|Any CPU.Build.0 = Debug|Any CPU
		{E7A8D92E-96A3-4D96-B317-2EA0D5783921}.Release|Any CPU.ActiveCfg = Release|Any CPU
		{E7A8D92E-96A3-4D96-B317-2EA0D5783921}.Release|Any CPU.Build.0 = Release|Any CPU
		{68479712-4353-4EC7-8B4E-BBDDD442AE3D}.Debug|Any CPU.ActiveCfg = Debug|Any CPU
		{68479712-4353-4EC7-8B4E-BBDDD442AE3D}.Debug|Any CPU.Build.0 = Debug|Any CPU
		{68479712-4353-4EC7-8B4E-BBDDD442AE3D}.Release|Any CPU.ActiveCfg = Release|Any CPU
		{68479712-4353-4EC7-8B4E-BBDDD442AE3D}.Release|Any CPU.Build.0 = Release|Any CPU
		{115DA0BD-8418-4E7E-84F7-FD8B9C7DE82B}.Debug|Any CPU.ActiveCfg = Debug|Any CPU
		{115DA0BD-8418-4E7E-84F7-FD8B9C7DE82B}.Debug|Any CPU.Build.0 = Debug|Any CPU
		{115DA0BD-8418-4E7E-84F7-FD8B9C7DE82B}.Release|Any CPU.ActiveCfg = Release|Any CPU
		{115DA0BD-8418-4E7E-84F7-FD8B9C7DE82B}.Release|Any CPU.Build.0 = Release|Any CPU
		{FD8E4162-8C4B-423E-A8F7-BB665421A00C}.Debug|Any CPU.ActiveCfg = Debug|Any CPU
		{FD8E4162-8C4B-423E-A8F7-BB665421A00C}.Debug|Any CPU.Build.0 = Debug|Any CPU
		{FD8E4162-8C4B-423E-A8F7-BB665421A00C}.Release|Any CPU.ActiveCfg = Release|Any CPU
		{FD8E4162-8C4B-423E-A8F7-BB665421A00C}.Release|Any CPU.Build.0 = Release|Any CPU
		{B2E025EC-FC21-47ED-80B8-E453AF6A27A9}.Debug|Any CPU.ActiveCfg = Debug|Any CPU
		{B2E025EC-FC21-47ED-80B8-E453AF6A27A9}.Debug|Any CPU.Build.0 = Debug|Any CPU
		{B2E025EC-FC21-47ED-80B8-E453AF6A27A9}.Release|Any CPU.ActiveCfg = Release|Any CPU
		{B2E025EC-FC21-47ED-80B8-E453AF6A27A9}.Release|Any CPU.Build.0 = Release|Any CPU
		{C5F7D986-9B01-4290-8CB8-CAE09F8C6EAA}.Debug|Any CPU.ActiveCfg = Debug|Any CPU
		{C5F7D986-9B01-4290-8CB8-CAE09F8C6EAA}.Debug|Any CPU.Build.0 = Debug|Any CPU
		{C5F7D986-9B01-4290-8CB8-CAE09F8C6EAA}.Release|Any CPU.ActiveCfg = Release|Any CPU
		{C5F7D986-9B01-4290-8CB8-CAE09F8C6EAA}.Release|Any CPU.Build.0 = Release|Any CPU
		{A9DE55DF-7463-449A-964F-3FB39076F4E8}.Debug|Any CPU.ActiveCfg = Debug|Any CPU
		{A9DE55DF-7463-449A-964F-3FB39076F4E8}.Debug|Any CPU.Build.0 = Debug|Any CPU
		{A9DE55DF-7463-449A-964F-3FB39076F4E8}.Release|Any CPU.ActiveCfg = Release|Any CPU
		{A9DE55DF-7463-449A-964F-3FB39076F4E8}.Release|Any CPU.Build.0 = Release|Any CPU
		{D979C9E1-C69F-4C89-9B25-B3EAD4952C37}.Debug|Any CPU.ActiveCfg = Debug|Any CPU
		{D979C9E1-C69F-4C89-9B25-B3EAD4952C37}.Debug|Any CPU.Build.0 = Debug|Any CPU
		{D979C9E1-C69F-4C89-9B25-B3EAD4952C37}.Release|Any CPU.ActiveCfg = Release|Any CPU
		{D979C9E1-C69F-4C89-9B25-B3EAD4952C37}.Release|Any CPU.Build.0 = Release|Any CPU
		{E1FB30F5-A260-43A5-9942-89C8F7650DE0}.Debug|Any CPU.ActiveCfg = Debug|Any CPU
		{E1FB30F5-A260-43A5-9942-89C8F7650DE0}.Debug|Any CPU.Build.0 = Debug|Any CPU
		{E1FB30F5-A260-43A5-9942-89C8F7650DE0}.Release|Any CPU.ActiveCfg = Release|Any CPU
		{E1FB30F5-A260-43A5-9942-89C8F7650DE0}.Release|Any CPU.Build.0 = Release|Any CPU
		{914620A5-8FCE-4CA0-865F-C40075FCF750}.Debug|Any CPU.ActiveCfg = Debug|Any CPU
		{914620A5-8FCE-4CA0-865F-C40075FCF750}.Debug|Any CPU.Build.0 = Debug|Any CPU
		{914620A5-8FCE-4CA0-865F-C40075FCF750}.Release|Any CPU.ActiveCfg = Release|Any CPU
		{914620A5-8FCE-4CA0-865F-C40075FCF750}.Release|Any CPU.Build.0 = Release|Any CPU
		{E7449F38-94D3-4EA8-83B8-800A0EC22D03}.Debug|Any CPU.ActiveCfg = Debug|Any CPU
		{E7449F38-94D3-4EA8-83B8-800A0EC22D03}.Debug|Any CPU.Build.0 = Debug|Any CPU
		{E7449F38-94D3-4EA8-83B8-800A0EC22D03}.Release|Any CPU.ActiveCfg = Release|Any CPU
		{E7449F38-94D3-4EA8-83B8-800A0EC22D03}.Release|Any CPU.Build.0 = Release|Any CPU
		{9324D509-074D-4BBA-9197-4A12F4F160F0}.Debug|Any CPU.ActiveCfg = Debug|Any CPU
		{9324D509-074D-4BBA-9197-4A12F4F160F0}.Debug|Any CPU.Build.0 = Debug|Any CPU
		{9324D509-074D-4BBA-9197-4A12F4F160F0}.Release|Any CPU.ActiveCfg = Release|Any CPU
		{9324D509-074D-4BBA-9197-4A12F4F160F0}.Release|Any CPU.Build.0 = Release|Any CPU
		{B0BFCA86-C8F5-4A5E-98AA-D9F2C48524FD}.Debug|Any CPU.ActiveCfg = Debug|Any CPU
		{B0BFCA86-C8F5-4A5E-98AA-D9F2C48524FD}.Debug|Any CPU.Build.0 = Debug|Any CPU
		{B0BFCA86-C8F5-4A5E-98AA-D9F2C48524FD}.Release|Any CPU.ActiveCfg = Release|Any CPU
		{B0BFCA86-C8F5-4A5E-98AA-D9F2C48524FD}.Release|Any CPU.Build.0 = Release|Any CPU
		{F80EBA7F-EE01-47C0-AC9E-15AB0CDCA9AE}.Debug|Any CPU.ActiveCfg = Debug|Any CPU
		{F80EBA7F-EE01-47C0-AC9E-15AB0CDCA9AE}.Debug|Any CPU.Build.0 = Debug|Any CPU
		{F80EBA7F-EE01-47C0-AC9E-15AB0CDCA9AE}.Release|Any CPU.ActiveCfg = Release|Any CPU
		{F80EBA7F-EE01-47C0-AC9E-15AB0CDCA9AE}.Release|Any CPU.Build.0 = Release|Any CPU
	EndGlobalSection
	GlobalSection(SolutionProperties) = preSolution
		HideSolutionNode = FALSE
	EndGlobalSection
	GlobalSection(NestedProjects) = preSolution
		{5BDAE18B-370C-4C3C-A4A4-1454E3B93E8F} = {EDFC665D-1396-41C1-A2AE-2AC7C8AAC3DE}
		{F11377FC-A114-4A87-9457-32C7085BE45E} = {EDFC665D-1396-41C1-A2AE-2AC7C8AAC3DE}
		{B04289C3-16F7-47BE-B648-063E9FBE2735} = {EDFC665D-1396-41C1-A2AE-2AC7C8AAC3DE}
		{222B730E-5E54-49C8-B1AD-96485E16590C} = {E74840AD-DCEA-471C-BD7F-A9B35E62F311}
		{44B6517E-5AB8-4A8F-93FE-92DF7FEF086E} = {E74840AD-DCEA-471C-BD7F-A9B35E62F311}
		{D4C9B61C-21D3-4B04-BDA7-518111B12B30} = {E74840AD-DCEA-471C-BD7F-A9B35E62F311}
		{C2BCFFD6-9703-4224-92C8-AC857D691675} = {3A85C2C3-5468-46A2-8F65-67625017FFB1}
		{41D40295-B84A-4124-87B2-66EE7D881FC8} = {3A85C2C3-5468-46A2-8F65-67625017FFB1}
		{47603E93-BCB9-4E2D-98D6-C86936C5B5C9} = {3A85C2C3-5468-46A2-8F65-67625017FFB1}
		{4266DE76-878A-4646-AB5E-B0EE60687CB7} = {D4022873-9E3A-4FB8-A705-69588E3EEFD7}
		{E7A8D92E-96A3-4D96-B317-2EA0D5783921} = {D4022873-9E3A-4FB8-A705-69588E3EEFD7}
		{68479712-4353-4EC7-8B4E-BBDDD442AE3D} = {D4022873-9E3A-4FB8-A705-69588E3EEFD7}
		{115DA0BD-8418-4E7E-84F7-FD8B9C7DE82B} = {BB12FBDB-0982-494E-B4DA-71717D373223}
		{FD8E4162-8C4B-423E-A8F7-BB665421A00C} = {BB12FBDB-0982-494E-B4DA-71717D373223}
		{B2E025EC-FC21-47ED-80B8-E453AF6A27A9} = {BB12FBDB-0982-494E-B4DA-71717D373223}
		{C5F7D986-9B01-4290-8CB8-CAE09F8C6EAA} = {B71E31B9-DC3E-4E9A-A52B-E76BC72493BE}
		{A9DE55DF-7463-449A-964F-3FB39076F4E8} = {B71E31B9-DC3E-4E9A-A52B-E76BC72493BE}
		{D979C9E1-C69F-4C89-9B25-B3EAD4952C37} = {B71E31B9-DC3E-4E9A-A52B-E76BC72493BE}
		{E1FB30F5-A260-43A5-9942-89C8F7650DE0} = {F2C66054-6DA5-484F-B9A0-5FFEDCB22BF2}
		{914620A5-8FCE-4CA0-865F-C40075FCF750} = {F2C66054-6DA5-484F-B9A0-5FFEDCB22BF2}
		{E7449F38-94D3-4EA8-83B8-800A0EC22D03} = {F2C66054-6DA5-484F-B9A0-5FFEDCB22BF2}
		{9324D509-074D-4BBA-9197-4A12F4F160F0} = {D1FBE86A-FB7B-486C-ABAB-9E407964733F}
		{B0BFCA86-C8F5-4A5E-98AA-D9F2C48524FD} = {D1FBE86A-FB7B-486C-ABAB-9E407964733F}
		{F80EBA7F-EE01-47C0-AC9E-15AB0CDCA9AE} = {D1FBE86A-FB7B-486C-ABAB-9E407964733F}
	EndGlobalSection
	GlobalSection(ExtensibilityGlobals) = postSolution
		SolutionGuid = {FC51BE35-472F-4DCC-8A37-B625123D4573}
	EndGlobalSection
EndGlobal
